
Microsoft Visual Studio Solution File, Format Version 12.00
# Visual Studio Version 17
VisualStudioVersion = 17.14.36401.2 d17.14
MinimumVisualStudioVersion = 10.0.40219.1
Project("{FAE04EC0-301F-11D3-BF4B-00C04F79EFBC}") = "LoginDemo", "LoginDemo\LoginDemo.csproj", "{FFCC4728-7420-4629-9378-73D8DF1AF647}"
EndProject
Global
	GlobalSection(SolutionConfigurationPlatforms) = preSolution
		Debug|Any CPU = Debug|Any CPU
		Release|Any CPU = Release|Any CPU
	EndGlobalSection
	GlobalSection(ProjectConfigurationPlatforms) = postSolution
		{FFCC4728-7420-4629-9378-73D8DF1AF647}.Debug|Any CPU.ActiveCfg = Debug|Any CPU
		{FFCC4728-7420-4629-9378-73D8DF1AF647}.Debug|Any CPU.Build.0 = Debug|Any CPU
		{FFCC4728-7420-4629-9378-73D8DF1AF647}.Release|Any CPU.ActiveCfg = Release|Any CPU
		{FFCC4728-7420-4629-9378-73D8DF1AF647}.Release|Any CPU.Build.0 = Release|Any CPU
	EndGlobalSection
	GlobalSection(SolutionProperties) = preSolution
		HideSolutionNode = FALSE
	EndGlobalSection
	GlobalSection(ExtensibilityGlobals) = postSolution
		SolutionGuid = {82C47727-A32A-4440-9C57-F247CA7228A0}
	EndGlobalSection
EndGlobal
